
Microsoft Visual Studio Solution File, Format Version 12.00
# Visual Studio 15
VisualStudioVersion = 15.0.27004.2005
MinimumVisualStudioVersion = 10.0.40219.1
Project("{FAE04EC0-301F-11D3-BF4B-00C04F79EFBC}") = "OnePass", "OnePass\OnePass.csproj", "{0C6E44BC-38B2-46D8-A3CD-A6A7BA47CD8C}"
EndProject
Project("{FAE04EC0-301F-11D3-BF4B-00C04F79EFBC}") = "OnePass.Models", "OnePass.Models\OnePass.Models.csproj", "{344D7B76-7B66-437C-BF37-50A952323D62}"
EndProject
Project("{2150E333-8FDC-42A3-9474-1A3956D46DE8}") = "模型", "模型", "{C1698DDC-827B-4CCB-882B-DB76A52EC748}"
EndProject
Global
	GlobalSection(SolutionConfigurationPlatforms) = preSolution
		Debug|Any CPU = Debug|Any CPU
		Release|Any CPU = Release|Any CPU
	EndGlobalSection
	GlobalSection(ProjectConfigurationPlatforms) = postSolution
		{0C6E44BC-38B2-46D8-A3CD-A6A7BA47CD8C}.Debug|Any CPU.ActiveCfg = Debug|Any CPU
		{0C6E44BC-38B2-46D8-A3CD-A6A7BA47CD8C}.Debug|Any CPU.Build.0 = Debug|Any CPU
		{0C6E44BC-38B2-46D8-A3CD-A6A7BA47CD8C}.Release|Any CPU.ActiveCfg = Release|Any CPU
		{0C6E44BC-38B2-46D8-A3CD-A6A7BA47CD8C}.Release|Any CPU.Build.0 = Release|Any CPU
		{344D7B76-7B66-437C-BF37-50A952323D62}.Debug|Any CPU.ActiveCfg = Debug|Any CPU
		{344D7B76-7B66-437C-BF37-50A952323D62}.Debug|Any CPU.Build.0 = Debug|Any CPU
		{344D7B76-7B66-437C-BF37-50A952323D62}.Release|Any CPU.ActiveCfg = Release|Any CPU
		{344D7B76-7B66-437C-BF37-50A952323D62}.Release|Any CPU.Build.0 = Release|Any CPU
	EndGlobalSection
	GlobalSection(SolutionProperties) = preSolution
		HideSolutionNode = FALSE
	EndGlobalSection
	GlobalSection(NestedProjects) = preSolution
		{344D7B76-7B66-437C-BF37-50A952323D62} = {C1698DDC-827B-4CCB-882B-DB76A52EC748}
	EndGlobalSection
	GlobalSection(ExtensibilityGlobals) = postSolution
		SolutionGuid = {F18C115F-A05C-4EA1-8152-0E012BFE3536}
	EndGlobalSection
EndGlobal
